PODS:
  - camera (0.0.1):
    - Flutter
  - Firebase/Analytics (6.9.0):
    - Firebase/Core
  - Firebase/Core (6.9.0):
    - Firebase/CoreOnly
    - FirebaseAnalytics (= 6.1.2)
  - Firebase/CoreOnly (6.9.0):
    - FirebaseCore (= 6.3.0)
  - Firebase/Messaging (6.9.0):
    - Firebase/CoreOnly
    - FirebaseMessaging (~> 4.1.4)
  - firebase_analytics (0.0.1):
    - Firebase/Analytics (~> 6.0)
    - Firebase/Core
    - Flutter
  - firebase_core (0.0.1):
    - Firebase/Core
    - Flutter
  - firebase_messaging (0.0.1):
    - Firebase/Core
    - Firebase/Messaging
    - Flutter
  - FirebaseAnalytics (6.1.2):
    - FirebaseCore (~> 6.3)
    - FirebaseInstanceID (~> 4.2)
    - GoogleAppMeasurement (= 6.1.2)
    - GoogleUtilities/AppDelegateSwizzler (~> 6.0)
    - GoogleUtilities/MethodSwizzler (~> 6.0)
    - GoogleUtilities/Network (~> 6.0)
    - "GoogleUtilities/NSData+zlib (~> 6.0)"
    - nanopb (~> 0.3)
  - FirebaseAnalyticsInterop (1.4.0)
  - FirebaseCore (6.3.0):
    - FirebaseCoreDiagnostics (~> 1.0)
    - FirebaseCoreDiagnosticsInterop (~> 1.0)
    - GoogleUtilities/Environment (~> 6.2)
    - GoogleUtilities/Logger (~> 6.2)
  - FirebaseCoreDiagnostics (1.1.0):
    - FirebaseCoreDiagnosticsInterop (~> 1.0)
    - GoogleDataTransportCCTSupport (~> 1.0)
    - GoogleUtilities/Environment (~> 6.2)
    - GoogleUtilities/Logger (~> 6.2)
  - FirebaseCoreDiagnosticsInterop (1.0.0)
  - FirebaseInstanceID (4.2.5):
    - FirebaseCore (~> 6.0)
    - GoogleUtilities/Environment (~> 6.0)
    - GoogleUtilities/UserDefaults (~> 6.0)
  - FirebaseMessaging (4.1.5):
    - FirebaseAnalyticsInterop (~> 1.3)
    - FirebaseCore (~> 6.2)
    - FirebaseInstanceID (~> 4.1)
    - GoogleUtilities/AppDelegateSwizzler (~> 6.2)
    - GoogleUtilities/Environment (~> 6.2)
    - GoogleUtilities/Reachability (~> 6.2)
    - GoogleUtilities/UserDefaults (~> 6.2)
    - Protobuf (~> 3.1)
  - Flutter (1.0.0)
  - flutter_secure_storage (3.3.1):
    - Flutter
  - flutter_webrtc (0.1.6):
    - Flutter
    - GoogleWebRTC (= 1.1.27299)
    - libyuv-iOS
  - GoogleAppMeasurement (6.1.2):
    - GoogleUtilities/AppDelegateSwizzler (~> 6.0)
    - GoogleUtilities/MethodSwizzler (~> 6.0)
    - GoogleUtilities/Network (~> 6.0)
    - "GoogleUtilities/NSData+zlib (~> 6.0)"
    - nanopb (~> 0.3)
  - GoogleDataTransport (2.0.0)
  - GoogleDataTransportCCTSupport (1.1.0):
    - GoogleDataTransport (~> 2.0)
    - nanopb
  - GoogleUtilities/AppDelegateSwizzler (6.3.1):
    - GoogleUtilities/Environment
    - GoogleUtilities/Logger
    - GoogleUtilities/Network
  - GoogleUtilities/Environment (6.3.1)
  - GoogleUtilities/Logger (6.3.1):
    - GoogleUtilities/Environment
  - GoogleUtilities/MethodSwizzler (6.3.1):
    - GoogleUtilities/Logger
  - GoogleUtilities/Network (6.3.1):
    - GoogleUtilities/Logger
    - "GoogleUtilities/NSData+zlib"
    - GoogleUtilities/Reachability
  - "GoogleUtilities/NSData+zlib (6.3.1)"
  - GoogleUtilities/Reachability (6.3.1):
    - GoogleUtilities/Logger
  - GoogleUtilities/UserDefaults (6.3.1):
    - GoogleUtilities/Logger
  - GoogleWebRTC (1.1.27299)
  - libyuv-iOS (1.0.2)
  - nanopb (0.3.901):
    - nanopb/decode (= 0.3.901)
    - nanopb/encode (= 0.3.901)
  - nanopb/decode (0.3.901)
  - nanopb/encode (0.3.901)
  - path_provider (0.0.1):
    - Flutter
  - photo_manager (0.0.1):
    - Flutter
  - Protobuf (3.10.0)
  - uni_links (0.0.1):
    - Flutter
  - url_launcher (0.0.1):
    - Flutter
  - video_player (0.0.1):
    - Flutter
  - webview_flutter (0.0.1):
    - Flutter

DEPENDENCIES:
  - camera (from `.symlinks/plugins/camera/ios`)
  - firebase_analytics (from `.symlinks/plugins/firebase_analytics/ios`)
  - firebase_core (from `.symlinks/plugins/firebase_core/ios`)
  - firebase_messaging (from `.symlinks/plugins/firebase_messaging/ios`)
  - Flutter (from `.symlinks/flutter/ios`)
  - flutter_secure_storage (from `.symlinks/plugins/flutter_secure_storage/ios`)
  - flutter_webrtc (from `.symlinks/plugins/flutter_webrtc/ios`)
  - path_provider (from `.symlinks/plugins/path_provider/ios`)
  - photo_manager (from `.symlinks/plugins/photo_manager/ios`)
  - uni_links (from `.symlinks/plugins/uni_links/ios`)
  - url_launcher (from `.symlinks/plugins/url_launcher/ios`)
  - video_player (from `.symlinks/plugins/video_player/ios`)
  - webview_flutter (from `.symlinks/plugins/webview_flutter/ios`)

SPEC REPOS:
  https://github.com/cocoapods/specs.git:
    - Firebase
    - FirebaseAnalytics
    - FirebaseAnalyticsInterop
    - FirebaseCore
    - FirebaseCoreDiagnostics
    - FirebaseCoreDiagnosticsInterop
    - FirebaseInstanceID
    - FirebaseMessaging
    - GoogleAppMeasurement
    - GoogleDataTransport
    - GoogleDataTransportCCTSupport
    - GoogleUtilities
    - GoogleWebRTC
    - libyuv-iOS
    - nanopb
    - Protobuf

EXTERNAL SOURCES:
  camera:
    :path: ".symlinks/plugins/camera/ios"
  firebase_analytics:
    :path: ".symlinks/plugins/firebase_analytics/ios"
  firebase_core:
    :path: ".symlinks/plugins/firebase_core/ios"
  firebase_messaging:
    :path: ".symlinks/plugins/firebase_messaging/ios"
  Flutter:
    :path: ".symlinks/flutter/ios"
  flutter_secure_storage:
    :path: ".symlinks/plugins/flutter_secure_storage/ios"
  flutter_webrtc:
    :path: ".symlinks/plugins/flutter_webrtc/ios"
  path_provider:
    :path: ".symlinks/plugins/path_provider/ios"
  photo_manager:
    :path: ".symlinks/plugins/photo_manager/ios"
  uni_links:
    :path: ".symlinks/plugins/uni_links/ios"
  url_launcher:
    :path: ".symlinks/plugins/url_launcher/ios"
  video_player:
    :path: ".symlinks/plugins/video_player/ios"
  webview_flutter:
    :path: ".symlinks/plugins/webview_flutter/ios"

SPEC CHECKSUMS:
  camera: d56ad165545ae5a0ffb892376033760a969c68c8
  Firebase: 2d750c54cda57d5a6ae31212cfe5cc813c6be7e4
  firebase_analytics: 045e7ebe7b8a4d27357168072868ff082dca15a6
  firebase_core: ae55ea92448ec8675d325da4db22cf3b4d58a54d
  firebase_messaging: 0d5c04cc40f58bd4bf7f2992c91050f9bc01bec3
  FirebaseAnalytics: 5d9ccbf46ed25d3ec9304d263f85bddf1e93e2d2
  FirebaseAnalyticsInterop: d48b6ab67bcf016a05e55b71fc39c61c0cb6b7f3
  FirebaseCore: 8b2765c445d40db7137989b7146a3aa3f91b5529
  FirebaseCoreDiagnostics: be4f7a09d02ab305f18de59a470412caddb64c2a
  FirebaseCoreDiagnosticsInterop: 6829da2b8d1fc795ff1bd99df751d3788035d2cb
  FirebaseInstanceID: 550df9be1f99f751d8fcde3ac342a1e21a0e6c42
  FirebaseMessaging: b22b949cc45c14da01e60404dd7bffc78956380c
  Flutter: 0e3d915762c693b495b44d77113d4970485de6ec
  flutter_secure_storage: 7953c38a04c3fdbb00571bcd87d8e3b5ceb9daec
  flutter_webrtc: b4d969a556b246378adb24262375b0204e1e89df
  GoogleAppMeasurement: 0ae90be1cc4dad40f4a27fc767ef59fa032ec87b
  GoogleDataTransport: c8617c00e4f3eb9418e42ac0e8ac5241a9d555dd
  GoogleDataTransportCCTSupport: 9f352523e8785a71f6754f51eeff09f49ec19268
  GoogleUtilities: f895fde57977df4e0233edda0dbeac490e3703b6
  GoogleWebRTC: 893a5f2f3635437ec3b05ef240993d5713307804
  libyuv-iOS: 5a154ccc84ec754029886ecb607512731fe30640
  nanopb: 2901f78ea1b7b4015c860c2fdd1ea2fee1a18d48
  path_provider: f96fff6166a8867510d2c25fdcc346327cc4b259
  photo_manager: d47ddf6cb25cbfa837dc334540eb9a99b208e191
  Protobuf: a4dc852ad69c027ca2166ed287b856697814375b
  uni_links: d97da20c7701486ba192624d99bffaaffcfc298a
  url_launcher: 0067ddb8f10d36786672aa0722a21717dba3a298
  video_player: 3964090a33353060ed7f58aa6427c7b4b208ec21
  webview_flutter: 1aa7604e6cdb451a9b7ed2c37d5454c0b440246b

PODFILE CHECKSUM: 7fb83752f59ead6285236625b82473f90b1cb932

COCOAPODS: 1.6.1
